
Microsoft Visual Studio Solution File, Format Version 12.00
# Visual Studio Version 16
VisualStudioVersion = 16.0.29215.179
MinimumVisualStudioVersion = 10.0.40219.1
Project("{FAE04EC0-301F-11D3-BF4B-00C04F79EFBC}") = "Lottery", "Lottery\Lottery.csproj", "{A94E9EBD-6422-4C55-BC81-FE02F9BC7385}"
EndProject
Global
	GlobalSection(SolutionConfigurationPlatforms) = preSolution
		Debug|Any CPU = Debug|Any CPU
		Release|Any CPU = Release|Any CPU
	EndGlobalSection
	GlobalSection(ProjectConfigurationPlatforms) = postSolution
		{A94E9EBD-6422-4C55-BC81-FE02F9BC7385}.Debug|Any CPU.ActiveCfg = Debug|Any CPU
		{A94E9EBD-6422-4C55-BC81-FE02F9BC7385}.Debug|Any CPU.Build.0 = Debug|Any CPU
		{A94E9EBD-6422-4C55-BC81-FE02F9BC7385}.Release|Any CPU.ActiveCfg = Release|Any CPU
		{A94E9EBD-6422-4C55-BC81-FE02F9BC7385}.Release|Any CPU.Build.0 = Release|Any CPU
	EndGlobalSection
	GlobalSection(SolutionProperties) = preSolution
		HideSolutionNode = FALSE
	EndGlobalSection
	GlobalSection(ExtensibilityGlobals) = postSolution
		SolutionGuid = {EF6E338D-EE3A-43F6-A50B-7261C69168D2}
	EndGlobalSection
EndGlobal
